
Microsoft Visual Studio Solution File, Format Version 12.00
# Visual Studio Version 17
VisualStudioVersion = 17.9.34728.123
MinimumVisualStudioVersion = 10.0.40219.1
Project("{FAE04EC0-301F-11D3-BF4B-00C04F79EFBC}") = "QuanLyLuanAn", "QuanLyLuanAn.csproj", "{785CF895-D0F3-4F43-82C9-20F4C23DB489}"
EndProject
Project("{FAE04EC0-301F-11D3-BF4B-00C04F79EFBC}") = "DataLibrary", "..\DataLibrary\DataLibrary.csproj", "{7A3F5945-720F-4093-B9ED-FEACF7BAA4E8}"
EndProject
Global
	GlobalSection(SolutionConfigurationPlatforms) = preSolution
		Debug|Any CPU = Debug|Any CPU
		Release|Any CPU = Release|Any CPU
	EndGlobalSection
	GlobalSection(ProjectConfigurationPlatforms) = postSolution
		{785CF895-D0F3-4F43-82C9-20F4C23DB489}.Debug|Any CPU.ActiveCfg = Debug|Any CPU
		{785CF895-D0F3-4F43-82C9-20F4C23DB489}.Debug|Any CPU.Build.0 = Debug|Any CPU
		{785CF895-D0F3-4F43-82C9-20F4C23DB489}.Release|Any CPU.ActiveCfg = Release|Any CPU
		{785CF895-D0F3-4F43-82C9-20F4C23DB489}.Release|Any CPU.Build.0 = Release|Any CPU
		{7A3F5945-720F-4093-B9ED-FEACF7BAA4E8}.Debug|Any CPU.ActiveCfg = Debug|Any CPU
		{7A3F5945-720F-4093-B9ED-FEACF7BAA4E8}.Debug|Any CPU.Build.0 = Debug|Any CPU
		{7A3F5945-720F-4093-B9ED-FEACF7BAA4E8}.Release|Any CPU.ActiveCfg = Release|Any CPU
		{7A3F5945-720F-4093-B9ED-FEACF7BAA4E8}.Release|Any CPU.Build.0 = Release|Any CPU
	EndGlobalSection
	GlobalSection(SolutionProperties) = preSolution
		HideSolutionNode = FALSE
	EndGlobalSection
	GlobalSection(ExtensibilityGlobals) = postSolution
		SolutionGuid = {7B890EF2-8AD3-4BAC-A081-B55E590B2783}
	EndGlobalSection
EndGlobal
